// !$*UTF8*$!
{
	archiveVersion = 1;
	classes = {
	};
	objectVersion = 46;
	objects = {

/* Begin PBXBuildFile section */
		F273F5A41EFB1E9500FB1D5D /* AppDelegate.swift in Sources */ = {isa = PBXBuildFile; fileRef = F273F5A31EFB1E9500FB1D5D /* AppDelegate.swift */; };
		F273F5A61EFB1E9500FB1D5D /* ViewController.swift in Sources */ = {isa = PBXBuildFile; fileRef = F273F5A51EFB1E9500FB1D5D /* ViewController.swift */; };
		F273F5A91EFB1E9500FB1D5D /* Main.storyboard in Resources */ = {isa = PBXBuildFile; fileRef = F273F5A71EFB1E9500FB1D5D /* Main.storyboard */; };
		F273F5AB1EFB1E9500FB1D5D /* Assets.xcassets in Resources */ = {isa = PBXBuildFile; fileRef = F273F5AA1EFB1E9500FB1D5D /* Assets.xcassets */; };
		F273F5AE1EFB1E9500FB1D5D /* LaunchScreen.storyboard in Resources */ = {isa = PBXBuildFile; fileRef = F273F5AC1EFB1E9500FB1D5D /* LaunchScreen.storyboard */; };
/* End PBXBuildFile section */

/* Begin PBXFileReference section */
		F273F5A01EFB1E9500FB1D5D /* Earthquakes.app */ = {isa = PBXFileReference; explicitFileType = wrapper.application; includeInIndex = 0; path = Earthquakes.app; sourceTree = BUILT_PRODUCTS_DIR; };
		F273F5A31EFB1E9500FB1D5D /* AppDelegate.swift */ = {isa = PBXFileReference; lastKnownFileType = sourcecode.swift; path = AppDelegate.swift; sourceTree = "<group>"; };
		F273F5A51EFB1E9500FB1D5D /* ViewController.swift */ = {isa = PBXFileReference; lastKnownFileType = sourcecode.swift; path = ViewController.swift; sourceTree = "<group>"; };
		F273F5A81EFB1E9500FB1D5D /* Base */ = {isa = PBXFileReference; lastKnownFileType = file.storyboard; name = Base; path = Base.lproj/Main.storyboard; sourceTree = "<group>"; };
		F273F5AA1EFB1E9500FB1D5D /* Assets.xcassets */ = {isa = PBXFileReference; lastKnownFileType = folder.assetcatalog; path = Assets.xcassets; sourceTree = "<group>"; };
		F273F5AD1EFB1E9500FB1D5D /* Base */ = {isa = PBXFileReference; lastKnownFileType = file.storyboard; name = Base; path = Base.lproj/LaunchScreen.storyboard; sourceTree = "<group>"; };
		F273F5AF1EFB1E9500FB1D5D /* Info.plist */ = {isa = PBXFileReference; lastKnownFileType = text.plist.xml; path = Info.plist; sourceTree = "<group>"; };
/* End PBXFileReference section */

/* Begin PBXFrameworksBuildPhase section */
		F273F59D1EFB1E9500FB1D5D /* Frameworks */ = {
			isa = PBXFrameworksBuildPhase;
			buildActionMask = 2147483647;
			files = (
			);
			runOnlyForDeploymentPostprocessing = 0;
		};
/* End PBXFrameworksBuildPhase section */

/* Begin PBXGroup section */
		F273F5971EFB1E9500FB1D5D = {
			isa = PBXGroup;
			children = (
				F273F5A21EFB1E9500FB1D5D /* Earthquakes */,
				F273F5A11EFB1E9500FB1D5D /* Products */,
			);
			sourceTree = "<group>";
		};
		F273F5A11EFB1E9500FB1D5D /* Products */ = {
			isa = PBXGroup;
			children = (
				F273F5A01EFB1E9500FB1D5D /* Earthquakes.app */,
			);
			name = Products;
			sourceTree = "<group>";
		};
		F273F5A21EFB1E9500FB1D5D /* Earthquakes */ = {
			isa = PBXGroup;
			children = (
				F273F5A31EFB1E9500FB1D5D /* AppDelegate.swift */,
				F273F5A51EFB1E9500FB1D5D /* ViewController.swift */,
				F273F5A71EFB1E9500FB1D5D /* Main.storyboard */,
				F273F5AA1EFB1E9500FB1D5D /* Assets.xcassets */,
				F273F5AC1EFB1E9500FB1D5D /* LaunchScreen.storyboard */,
				F273F5AF1EFB1E9500FB1D5D /* Info.plist */,
			);
			path = Earthquakes;
			sourceTree = "<group>";
		};
/* End PBXGroup section */

/* Begin PBXNativeTarget section */
		F273F59F1EFB1E9500FB1D5D /* Earthquakes */ = {
			isa = PBXNativeTarget;
			buildConfigurationList = F273F5B21EFB1E9500FB1D5D /* Build configuration list for PBXNativeTarget "Earthquakes" */;
			buildPhases = (
				F273F59C1EFB1E9500FB1D5D /* Sources */,
				F273F59D1EFB1E9500FB1D5D /* Frameworks */,
				F273F59E1EFB1E9500FB1D5D /* Resources */,
			);
			buildRules = (
			);
			dependencies = (
			);
			name = Earthquakes;
			productName = Earthquakes;
			productReference = F273F5A01EFB1E9500FB1D5D /* Earthquakes.app */;
			productType = "com.apple.product-type.application";
		};
/* End PBXNativeTarget section */

/* Begin PBXProject section */
		F273F5981EFB1E9500FB1D5D /* Project object */ = {
			isa = PBXProject;
			attributes = {
				LastSwiftUpdateCheck = 0830;
				LastUpgradeCheck = 0830;
				ORGANIZATIONNAME = "App Partner";
				TargetAttributes = {
					F273F59F1EFB1E9500FB1D5D = {
						CreatedOnToolsVersion = 8.3.3;
						ProvisioningStyle = Automatic;
					};
				};
			};
			buildConfigurationList = F273F59B1EFB1E9500FB1D5D /* Build configuration list for PBXProject "Earthquakes" */;
			compatibilityVersion = "Xcode 3.2";
			developmentRegion = English;
			hasScannedForEncodings = 0;
			knownRegions = (
				en,
				Base,
			);
			mainGroup = F273F5971EFB1E9500FB1D5D;
			productRefGroup = F273F5A11EFB1E9500FB1D5D /* Products */;
			projectDirPath = "";
			projectRoot = "";
			targets = (
				F273F59F1EFB1E9500FB1D5D /* Earthquakes */,
			);
		};
/* End PBXProject section */

/* Begin PBXResourcesBuildPhase section */
		F273F59E1EFB1E9500FB1D5D /* Resources */ = {
			isa = PBXResourcesBuildPhase;
			buildActionMask = 2147483647;
			files = (
				F273F5AE1EFB1E9500FB1D5D /* LaunchScreen.storyboard in Resources */,
				F273F5AB1EFB1E9500FB1D5D /* Assets.xcassets in Resources */,
				F273F5A91EFB1E9500FB1D5D /* Main.storyboard in Resources */,
			);
			runOnlyForDeploymentPostprocessing = 0;
		};
/* End PBXResourcesBuildPhase section */

/* Begin PBXSourcesBuildPhase section */
		F273F59C1EFB1E9500FB1D5D /* Sources */ = {
			isa = PBXSourcesBuildPhase;
			buildActionMask = 2147483647;
			files = (
				F273F5A61EFB1E9500FB1D5D /* ViewController.swift in Sources */,
				F273F5A41EFB1E9500FB1D5D /* AppDelegate.swift in Sources */,
			);
			runOnlyForDeploymentPostprocessing = 0;
		};
/* End PBXSourcesBuildPhase section */

/* Begin PBXVariantGroup section */
		F273F5A71EFB1E9500FB1D5D /* Main.storyboard */ = {
			isa = PBXVariantGroup;
			children = (
				F273F5A81EFB1E9500FB1D5D /* Base */,
			);
			name = Main.storyboard;
			sourceTree = "<group>";
		};
		F273F5AC1EFB1E9500FB1D5D /* LaunchScreen.storyboard */ = {
			isa = PBXVariantGroup;
			children = (
				F273F5AD1EFB1E9500FB1D5D /* Base */,
			);
			name = LaunchScreen.storyboard;
			sourceTree = "<group>";
		};
/* End PBXVariantGroup section */

/* Begin XCBuildConfiguration section */
		F273F5B01EFB1E9500FB1D5D /* Debug */ = {
			isa = XCBuildConfiguration;
			buildSettings = {
				ALWAYS_SEARCH_USER_PATHS = NO;
				CLANG_ANALYZER_NONNULL = YES;
				CLANG_ANALYZER_NUMBER_OBJECT_CONVERSION = YES_AGGRESSIVE;
				CLANG_CXX_LANGUAGE_STANDARD = "gnu++0x";
				CLANG_CXX_LIBRARY = "libc++";
				CLANG_ENABLE_MODULES = YES;
				CLANG_ENABLE_OBJC_ARC = YES;
				CLANG_WARN_BOOL_CONVERSION = YES;
				CLANG_WARN_CONSTANT_CONVERSION = YES;
				CLANG_WARN_DIRECT_OBJC_ISA_USAGE = YES_ERROR;
				CLANG_WARN_DOCUMENTATION_COMMENTS = YES;
				CLANG_WARN_EMPTY_BODY = YES;
				CLANG_WARN_ENUM_CONVERSION = YES;
				CLANG_WARN_INFINITE_RECURSION = YES;
				CLANG_WARN_INT_CONVERSION = YES;
				CLANG_WARN_OBJC_ROOT_CLASS = YES_ERROR;
				CLANG_WARN_SUSPICIOUS_MOVE = YES;
				CLANG_WARN_UNREACHABLE_CODE = YES;
				CLANG_WARN__DUPLICATE_METHOD_MATCH = YES;
				"CODE_SIGN_IDENTITY[sdk=iphoneos*]" = "iPhone Developer";
				COPY_PHASE_STRIP = NO;
				DEBUG_INFORMATION_FORMAT = dwarf;
				ENABLE_STRICT_OBJC_MSGSEND = YES;
				ENABLE_TESTABILITY = YES;
				GCC_C_LANGUAGE_STANDARD = gnu99;
				GCC_DYNAMIC_NO_PIC = NO;
				GCC_NO_COMMON_BLOCKS = YES;
				GCC_OPTIMIZATION_LEVEL = 0;
				GCC_PREPROCESSOR_DEFINITIONS = (
					"DEBUG=1",
					"$(inherited)",
				);
				GCC_WARN_64_TO_32_BIT_CONVERSION = YES;
				GCC_WARN_ABOUT_RETURN_TYPE = YES_ERROR;
				GCC_WARN_UNDECLARED_SELECTOR = YES;
				GCC_WARN_UNINITIALIZED_AUTOS = YES_AGGRESSIVE;
				GCC_WARN_UNUSED_FUNCTION = YES;
				GCC_WARN_UNUSED_VARIABLE = YES;
				IPHONEOS_DEPLOYMENT_TARGET = 10.3;
				MTL_ENABLE_DEBUG_INFO = YES;
				ONLY_ACTIVE_ARCH = YES;
				SDKROOT = iphoneos;
				SWIFT_ACTIVE_COMPILATION_CONDITIONS = DEBUG;
				SWIFT_OPTIMIZATION_LEVEL = "-Onone";
				TARGETED_DEVICE_FAMILY = "1,2";
			};
			name = Debug;
		};
		F273F5B11EFB1E9500FB1D5D /* Release */ = {
			isa = XCBuildConfiguration;
			buildSettings = {
				ALWAYS_SEARCH_USER_PATHS = NO;
				CLANG_ANALYZER_NONNULL = YES;
				CLANG_ANALYZER_NUMBER_OBJECT_CONVERSION = YES_AGGRESSIVE;
				CLANG_CXX_LANGUAGE_STANDARD = "gnu++0x";
				CLANG_CXX_LIBRARY = "libc++";
				CLANG_ENABLE_MODULES = YES;
				CLANG_ENABLE_OBJC_ARC = YES;
				CLANG_WARN_BOOL_CONVERSION = YES;
				CLANG_WARN_CONSTANT_CONVERSION = YES;
				CLANG_WARN_DIRECT_OBJC_ISA_USAGE = YES_ERROR;
				CLANG_WARN_DOCUMENTATION_COMMENTS = YES;
				CLANG_WARN_EMPTY_BODY = YES;
				CLANG_WARN_ENUM_CONVERSION = YES;
				CLANG_WARN_INFINITE_RECURSION = YES;
				CLANG_WARN_INT_CONVERSION = YES;
				CLANG_WARN_OBJC_ROOT_CLASS = YES_ERROR;
				CLANG_WARN_SUSPICIOUS_MOVE = YES;
				CLANG_WARN_UNREACHABLE_CODE = YES;
				CLANG_WARN__DUPLICATE_METHOD_MATCH = YES;
				"CODE_SIGN_IDENTITY[sdk=iphoneos*]" = "iPhone Developer";
				COPY_PHASE_STRIP = NO;
				DEBUG_INFORMATION_FORMAT = "dwarf-with-dsym";
				ENABLE_NS_ASSERTIONS = NO;
				ENABLE_STRICT_OBJC_MSGSEND = YES;
				GCC_C_LANGUAGE_STANDARD = gnu99;
				GCC_NO_COMMON_BLOCKS = YES;
				GCC_WARN_64_TO_32_BIT_CONVERSION = YES;
				GCC_WARN_ABOUT_RETURN_TYPE = YES_ERROR;
				GCC_WARN_UNDECLARED_SELECTOR = YES;
				GCC_WARN_UNINITIALIZED_AUTOS = YES_AGGRESSIVE;
				GCC_WARN_UNUSED_FUNCTION = YES;
				GCC_WARN_UNUSED_VARIABLE = YES;
				IPHONEOS_DEPLOYMENT_TARGET = 10.3;
				MTL_ENABLE_DEBUG_INFO = NO;
				SDKROOT = iphoneos;
				SWIFT_OPTIMIZATION_LEVEL = "-Owholemodule";
				TARGETED_DEVICE_FAMILY = "1,2";
				VALIDATE_PRODUCT = YES;
			};
			name = Release;
		};
		F273F5B31EFB1E9500FB1D5D /* Debug */ = {
			isa = XCBuildConfiguration;
			buildSettings = {
				ASSETCATALOG_COMPILER_APPICON_NAME = AppIcon;
				INFOPLIST_FILE = Earthquakes/Info.plist;
				LD_RUNPATH_SEARCH_PATHS = "$(inherited) @executable_path/Frameworks";
				PRODUCT_BUNDLE_IDENTIFIER = com.partner.app.test.Earthquakes;
				PRODUCT_NAME = "$(TARGET_NAME)";
				SWIFT_VERSION = 3.0;
			};
			name = Debug;
		};
		F273F5B41EFB1E9500FB1D5D /* Release */ = {
			isa = XCBuildConfiguration;
			buildSettings = {
				ASSETCATALOG_COMPILER_APPICON_NAME = AppIcon;
				INFOPLIST_FILE = Earthquakes/Info.plist;
				LD_RUNPATH_SEARCH_PATHS = "$(inherited) @executable_path/Frameworks";
				PRODUCT_BUNDLE_IDENTIFIER = com.partner.app.test.Earthquakes;
				PRODUCT_NAME = "$(TARGET_NAME)";
				SWIFT_VERSION = 3.0;
			};
			name = Release;
		};
/* End XCBuildConfiguration section */

/* Begin XCConfigurationList section */
		F273F59B1EFB1E9500FB1D5D /* Build configuration list for PBXProject "Earthquakes" */ = {
			isa = XCConfigurationList;
			buildConfigurations = (
				F273F5B01EFB1E9500FB1D5D /* Debug */,
				F273F5B11EFB1E9500FB1D5D /* Release */,
			);
			defaultConfigurationIsVisible = 0;
			defaultConfigurationName = Release;
		};
		F273F5B21EFB1E9500FB1D5D /* Build configuration list for PBXNativeTarget "Earthquakes" */ = {
			isa = XCConfigurationList;
			buildConfigurations = (
				F273F5B31EFB1E9500FB1D5D /* Debug */,
				F273F5B41EFB1E9500FB1D5D /* Release */,
			);
			defaultConfigurationIsVisible = 0;
		};
/* End XCConfigurationList section */
	};
	rootObject = F273F5981EFB1E9500FB1D5D /* Project object */;
}
